# This file is autogenerated, do not edit; changes may be undone by the next 'dep ensure'.


[[projects]]
  branch = "newinterface"
  digest = "1:c5052c38f8d262d2ef3a0c87409b0729d4376a4f7f5c7cf3a565d9e15d976f9b"
  name = "github.com/OpenBazaar/go-onion-transport"
  packages = ["."]
  pruneopts = "UT"
  revision = "d5ba244da11e0dc5b3b090da160447140c0097f1"

[[projects]]
  branch = "master"
  digest = "1:c0decf632843204d2b8781de7b26e7038584e2dcccc7e2f401e88ae85b1df2b7"
  name = "github.com/btcsuite/btcd"
  packages = ["btcec"]
  pruneopts = "UT"
  revision = "67e573d211ace594f1366b4ce9d39726c4b19bd0"

[[projects]]
  branch = "master"
  digest = "1:05ffeeed3f0f05520de0679f6aa3219ffee69cfd6d9fb6c194879d4c818ad670"
  name = "github.com/coreos/go-semver"
  packages = ["semver"]
  pruneopts = "UT"
  revision = "e214231b295a8ea9479f11b70b35d5acf3556d9b"

[[projects]]
  branch = "master"
  digest = "1:d1341a04a4443bba8c8af76ec6c3960206074490a1284b4853ff5a88a66c63b7"
  name = "github.com/fd/go-nat"
  packages = ["."]
  pruneopts = "UT"
  revision = "bad65a492f32121a87197f4a085905c35e2a367e"

[[projects]]
  branch = "master"
  digest = "1:f4747d01e3d13dc7383bc92e5d5a40d8dd395107bd3177ca4bec950da149c1ef"
  name = "github.com/gcash/bchd"
  packages = [
    "chaincfg",
    "chaincfg/chainhash",
    "wire",
  ]
  pruneopts = "UT"
  revision = "b89fafac1c776504a9a2d4afed0bde480f51c6f1"

[[projects]]
  branch = "master"
  digest = "1:b1053b781e9090dab5d3e916eb04c8d85b63a7f6911007c2cd1dd82fb22f7f6a"
  name = "github.com/gcash/bchlog"
  packages = ["."]
  pruneopts = "UT"
  revision = "b4f036f92fa66c88eec458f4531ff14ff87704d6"

[[projects]]
  branch = "master"
  digest = "1:38a016cf17969e84f169649b0a05431526f49ae431c531fa9a5ffa561210ab3d"
  name = "github.com/gogo/protobuf"
  packages = [
    "io",
    "proto",
  ]
  pruneopts = "UT"
  revision = "fd322a3c49630fe6d05737e2b7d9426e6680e28d"

[[projects]]
  branch = "master"
  digest = "1:4a0c6bb4805508a6287675fac876be2ac1182539ca8a32468d8128882e9d5009"
  name = "github.com/golang/snappy"
  packages = ["."]
  pruneopts = "UT"
  revision = "2e65f85255dbc3072edf28d6b5b8efc472979f5a"

[[projects]]
  branch = "master"
  digest = "1:236d7e1bdb50d8f68559af37dbcf9d142d56b431c9b2176d41e2a009b664cda8"
  name = "github.com/google/uuid"
  packages = ["."]
  pruneopts = "UT"
  revision = "9b3b1e0f5f99ae461456d768e7d301a7acdaa2d8"

[[projects]]
  branch = "master"
  digest = "1:9ee923192163b86d29ab503748f3cb4a3e37607dbf46be4dde5716499a3c84af"
  name = "github.com/gorilla/websocket"
  packages = ["."]
  pruneopts = "UT"
  revision = "76e4896901ef89d253d69b528d3701dd146fe2ae"

[[projects]]
  branch = "master"
  digest = "1:31e6ca5d3801cd74e569cb9597d5a0b06d862307ffb045e581b44fe4a316ea09"
  name = "github.com/gxed/GoEndian"
  packages = ["."]
  pruneopts = "UT"
  revision = "0f5c6873267e5abf306ffcdfcfa4bf77517ef4a7"

[[projects]]
  branch = "master"
  digest = "1:dc57a2580e33eae03691c9ede0b30cf1dc622ff471fc6a36388879ded5702d02"
  name = "github.com/gxed/eventfd"
  packages = ["."]
  pruneopts = "UT"
  revision = "80a92cca79a8041496ccc9dd773fcb52a57ec6f9"

[[projects]]
  branch = "master"
  digest = "1:e3ddd1f59d3c84917c99ecb1c3420aa6899f6df7495ba9414c13732b2e9568dd"
  name = "github.com/gxed/hashland"
  packages = ["keccakpg"]
  pruneopts = "UT"
  revision = "d9f6b97f8db22dd1e090fd0bbbe98f09cc7dd0a8"

[[projects]]
  branch = "master"
  digest = "1:cf296baa185baae04a9a7004efee8511d08e2f5f51d4cbe5375da89722d681db"
  name = "github.com/hashicorp/golang-lru"
  packages = [
    ".",
    "simplelru",
  ]
  pruneopts = "UT"
  revision = "0fb14efe8c47ae851c0034ed7a448854d3d34cf3"

[[projects]]
  branch = "master"
  digest = "1:c00cc6d95a674b4b923ac069d364445043bc67836e9bd8aeff8440cfbe6a2cc7"
  name = "github.com/huin/goupnp"
  packages = [
    ".",
    "dcps/internetgateway1",
    "dcps/internetgateway2",
    "httpu",
    "scpd",
    "soap",
    "ssdp",
  ]
  pruneopts = "UT"
  revision = "656e61dfadd241c7cbdd22a023fa81ecb6860ea8"

[[projects]]
  branch = "master"
  digest = "1:85768d3b52ce30a54db8dee79c98dbf4dceb8de49d6a4d8d7c210d9d8275573c"
  name = "github.com/ipfs/go-cid"
  packages = ["."]
  pruneopts = "UT"
  revision = "078355866b1dda1658b5fdc5496ed7e25fdcf883"

[[projects]]
  branch = "master"
  digest = "1:f3430b787ed5a20adf252db75f757e3c5f227e3ea7297fdfca72b7a3c3a2358b"
  name = "github.com/ipfs/go-datastore"
  packages = [
    ".",
    "autobatch",
    "query",
    "sync",
  ]
  pruneopts = "UT"
  revision = "2dc06227617da382dd1590e2534bbe6e5e492568"

[[projects]]
  branch = "master"
  digest = "1:d3a8184e53d2002128113f194d8a033b50d0ab6d67dba5de32ce1efe7f093f40"
  name = "github.com/ipfs/go-ds-leveldb"
  packages = ["."]
  pruneopts = "UT"
  revision = "0193241f0b1ccb4ebca3d6bdad6da77ee442fde4"

[[projects]]
  branch = "master"
  digest = "1:aae82c244bd91107575a0244a29e82e34ba23e06b6892557e33728de48deba96"
  name = "github.com/ipfs/go-ipfs-util"
  packages = ["."]
  pruneopts = "UT"
  revision = "10d786c5ed859afd22223df76a89bf57b24b2ee1"

[[projects]]
  branch = "master"
  digest = "1:f3b59bc5c45036522e44503672a9eb5ea5ae58e3c71ada0d2a914630076678d1"
  name = "github.com/ipfs/go-log"
  packages = [
    ".",
    "tracer",
    "tracer/wire",
    "writer",
  ]
  pruneopts = "UT"
  revision = "5e6883f800a4ca39748c54d467126a22f92f3523"

[[projects]]
  branch = "master"
  digest = "1:0932c7254d5f7a3b3888cfd75e97aa88f8f749bd50e5431f2668edad71ba4d4b"
  name = "github.com/ipfs/go-todocounter"
  packages = ["."]
  pruneopts = "UT"
  revision = "1e832b829506383050e6eebd12e05ea41a451532"

[[projects]]
  branch = "master"
  digest = "1:b352ae8b1a77cc6b48fc8e314e34a522cfc76d6ca3a06c93b29c9cde5de6771e"
  name = "github.com/jackpal/gateway"
  packages = ["."]
  pruneopts = "UT"
  revision = "cbcf4e3f3baee7952fc386c8b2534af4d267c875"

[[projects]]
  branch = "master"
  digest = "1:ea68049ec868771f7df4fb7bdc5128ad75ba41aed0dc482636a168c7ccf4e2d7"
  name = "github.com/jackpal/go-nat-pmp"
  packages = ["."]
  pruneopts = "UT"
  revision = "d89d09f6f3329bc3c2479aa3cafd76a5aa93a35c"

[[projects]]
  branch = "master"
  digest = "1:62fe3a7ea2050ecbd753a71889026f83d73329337ada66325cbafd5dea5f713d"
  name = "github.com/jbenet/go-context"
  packages = ["io"]
  pruneopts = "UT"
  revision = "d14ea06fba99483203c19d92cfcd13ebe73135f4"

[[projects]]
  branch = "master"
  digest = "1:8f4aedc183dc8dfef9a7a1f1ba205dc87ecd2675eea350a736bda889e3bcf8ea"
  name = "github.com/jbenet/go-temp-err-catcher"
  packages = ["."]
  pruneopts = "UT"
  revision = "aac704a3f4f27190b4ccc05f303a4931fd1241ff"

[[projects]]
  branch = "master"
  digest = "1:a2a82ac6d7f2ab5966591f95612e3ecd9afed66051189e06876a29ed3744a3ea"
  name = "github.com/jbenet/goprocess"
  packages = [
    ".",
    "context",
    "periodic",
    "ratelimit",
  ]
  pruneopts = "UT"
  revision = "b497e2f366b8624394fb2e89c10ab607bebdde0b"

[[projects]]
  branch = "master"
  digest = "1:3cffcb8e5d731b0788a05c2909249d8d5c0c86d5bbbab87acebd77e0935e4799"
  name = "github.com/libp2p/go-addr-util"
  packages = ["."]
  pruneopts = "UT"
  revision = "2dc53609d9aa745f7bf5755bef6f54fb9ff77cd6"

[[projects]]
  branch = "master"
  digest = "1:f60d00a46be49953208695b271223ec206817a27e0fbf7f854d9345237451052"
  name = "github.com/libp2p/go-buffer-pool"
  packages = ["."]
  pruneopts = "UT"
  revision = "058210c5a0d042677367d923eb8a6dc072a15f7f"

[[projects]]
  branch = "master"
  digest = "1:03f4fa4b7655bbb85efbb15c05b2e75fd2842ca18d4a074eba57eb0f396e7205"
  name = "github.com/libp2p/go-conn-security"
  packages = [
    ".",
    "insecure",
  ]
  pruneopts = "UT"
  revision = "56e79784a4e85c5a9baa42104070c9a760760d67"

[[projects]]
  branch = "master"
  digest = "1:1236f980fc29d88b2f64a2607450c551884a2eb804fa91ea9d7bdcad817b80fc"
  name = "github.com/libp2p/go-conn-security-multistream"
  packages = ["."]
  pruneopts = "UT"
  revision = "391aa82c965ffc735b8f911b4e0bde4d5ac4a272"

[[projects]]
  branch = "master"
  digest = "1:9f2e871b33e57a706e8c1e2bc03220f4015c5462327c7f59ca93613e78970ebd"
  name = "github.com/libp2p/go-flow-metrics"
  packages = ["."]
  pruneopts = "UT"
  revision = "7e5a55af485341567f98d6847a373eb5ddcdcd43"

[[projects]]
  branch = "master"
  digest = "1:c23edb7d449507cfd958985210ff04755ec4bdb1602ea2a194c90671fd96a029"
  name = "github.com/libp2p/go-libp2p"
  packages = [
    ".",
    "config",
    "p2p/host/basic",
    "p2p/protocol/identify",
    "p2p/protocol/identify/pb",
  ]
  pruneopts = "UT"
  revision = "4dc78663d603e5cf9d19f21f699a5230d0c25211"

[[projects]]
  branch = "master"
  digest = "1:044c11c01db634f8164c6b780465127ce3457ce636da2cfa1c52b7171af34fe4"
  name = "github.com/libp2p/go-libp2p-circuit"
  packages = [
    ".",
    "pb",
  ]
  pruneopts = "UT"
  revision = "f60a481893cecbef737e5230c2fdbb8e6d097a46"

[[projects]]
  branch = "master"
  digest = "1:03c6b0e83658c26f6db1f8fa9aa0756722c8690f81c377ce852dfb5ba818e295"
  name = "github.com/libp2p/go-libp2p-crypto"
  packages = [
    ".",
    "pb",
  ]
  pruneopts = "UT"
  revision = "d1252f9bfe49590ff7a6381e9f0d4e882b631e28"

[[projects]]
  branch = "master"
  digest = "1:32b78c507fce7b6f6c97af394044a22c7c14b4f58517383be44ed36e95cb460b"
  name = "github.com/libp2p/go-libp2p-host"
  packages = ["."]
  pruneopts = "UT"
  revision = "623ffaa4ef2b8dad77933159d0848a393a91c41e"

[[projects]]
  branch = "master"
  digest = "1:bc135b445e6dbf6fdd2e67b5d76c45dfe855b6be8f825f6aef63cd143594eb01"
  name = "github.com/libp2p/go-libp2p-interface-connmgr"
  packages = ["."]
  pruneopts = "UT"
  revision = "d466b4a45ac34d00ea38f466069d473f40169e6d"

[[projects]]
  branch = "master"
  digest = "1:2be462b217ec4aace62cec2ab9fa1258791f7177534716e1cf67e0dbfe5a486a"
  name = "github.com/libp2p/go-libp2p-interface-pnet"
  packages = ["."]
  pruneopts = "UT"
  revision = "d240acf619f63dfb776821a1d4d28a918f77edd5"

[[projects]]
  digest = "1:4b19b173bf977814fcf87a295213d403b587a60de493015358096c154575beef"
  name = "github.com/libp2p/go-libp2p-kad-dht"
  packages = [
    ".",
    "opts",
    "pb",
    "providers",
  ]
  pruneopts = "UT"
  revision = "cb81b8d3b2922f27fb023ee5118e24fbbf1e137b"

[[projects]]
  branch = "master"
  digest = "1:ddb141135654377f907977b1518971f8f23b4addf3adb0ec250fbd90536ea823"
  name = "github.com/libp2p/go-libp2p-kbucket"
  packages = [
    ".",
    "keyspace",
  ]
  pruneopts = "UT"
  revision = "a88e1b7030c460c8bb9f09cab9bb3f4bc727edb2"

[[projects]]
  branch = "master"
  digest = "1:df780c81ecf660a1c2faec66548cab42339c102600e855f9c09ecd47e2c2e851"
  name = "github.com/libp2p/go-libp2p-loggables"
  packages = ["."]
  pruneopts = "UT"
  revision = "96a4fa8a38218540ce9c8cf21c0300e53451ab2f"

[[projects]]
  branch = "master"
  digest = "1:e01814b1390e3abc93ca170141d457fab1dcc0c532cdfdd269be58fb2cd6a9f4"
  name = "github.com/libp2p/go-libp2p-metrics"
  packages = ["."]
  pruneopts = "UT"
  revision = "20c0e3fed14ddf84ac8192038accfd393610ed82"

[[projects]]
  branch = "master"
  digest = "1:7288dd0673deca8a85129141d7c4c599b15d14c9e797cc34d8e061a43d3fc68e"
  name = "github.com/libp2p/go-libp2p-nat"
  packages = ["."]
  pruneopts = "UT"
  revision = "fcc8db1a9963a3d489abbc632f2c0f404e4ff607"

[[projects]]
  branch = "master"
  digest = "1:8aaf677fb3e280809e20e09e95d1e56f19f819343f1d47d5893c3a86cd04ce15"
  name = "github.com/libp2p/go-libp2p-net"
  packages = ["."]
  pruneopts = "UT"
  revision = "11b9dd9287bf6b9944c4e77d941b4771a6179678"

[[projects]]
  branch = "master"
  digest = "1:874908cf8ac73be8b30561ddcc69d64291a4356db696f23b10111589dcb6eee9"
  name = "github.com/libp2p/go-libp2p-peer"
  packages = [
    ".",
    "peerset",
  ]
  pruneopts = "UT"
  revision = "dd9b45c0649b38aebe65f98cb460676b4214a42c"

[[projects]]
  branch = "master"
  digest = "1:dc4bba6abdecd81de65ecd699369618634de9610cf7377370ae4b67498a86827"
  name = "github.com/libp2p/go-libp2p-peerstore"
  packages = [
    ".",
    "addr",
    "pstoremem",
    "queue",
  ]
  pruneopts = "UT"
  revision = "98ce9158bd068dd366d275e466f328c778fb0e36"

[[projects]]
  branch = "master"
  digest = "1:712550fb4bfcc85feb396d49b35b89e31cc0b001871e80f8fb90b4a50686ed11"
  name = "github.com/libp2p/go-libp2p-protocol"
  packages = ["."]
  pruneopts = "UT"
  revision = "b29f3d97e3a2fb8b29c5d04290e6cb5c5018004b"

[[projects]]
  branch = "master"
  digest = "1:d377c1d14d2b2030d31a6865a42233ab82f0a8d529f8de4e55a157f1f640087e"
  name = "github.com/libp2p/go-libp2p-pubsub"
  packages = [
    ".",
    "pb",
  ]
  pruneopts = "UT"
  revision = "107d351038ce677804e7a180429aff93fa98a2ab"

[[projects]]
  branch = "master"
  digest = "1:4144c50c681fe25d79551d8be0cc9f0974561369ac576911f6d99a3b743b9d51"
  name = "github.com/libp2p/go-libp2p-record"
  packages = [
    ".",
    "pb",
  ]
  pruneopts = "UT"
  revision = "e1ffee3ceea9ca1e583965bea51bd7b35b543518"

[[projects]]
  branch = "master"
  digest = "1:7d0255dd7c0074b45526406820bf5b5304d50396d91eb1f70da4f3eaab9db9b5"
  name = "github.com/libp2p/go-libp2p-routing"
  packages = [
    ".",
    "notifications",
    "options",
  ]
  pruneopts = "UT"
  revision = "d2bd3b71dacda2bcb7bd666816abe4e0685bda01"

[[projects]]
  branch = "master"
  digest = "1:3d421d3c3b835846d82cb0c055052f48e8f93e6ee645ec3b891d5809271df02c"
  name = "github.com/libp2p/go-libp2p-secio"
  packages = [
    ".",
    "pb",
  ]
  pruneopts = "UT"
  revision = "9b93d51326793572174542028d8c7fc296cc5924"

[[projects]]
  branch = "master"
  digest = "1:bb2dba2b89ef8e29929fa921f2ce568855bb91d9a9acc82a56e6c3b4c6c37085"
  name = "github.com/libp2p/go-libp2p-swarm"
  packages = ["."]
  pruneopts = "UT"
  revision = "3ccc086cec3752f7a6cfb59850e36f244f9b40e4"

[[projects]]
  branch = "master"
  digest = "1:061cb46c5da1fa861e3361b9716ed1e57d74c1caeeb18df69b8a8a4065e5ae96"
  name = "github.com/libp2p/go-libp2p-transport"
  packages = ["."]
  pruneopts = "UT"
  revision = "12ae8b34be89a842f1a170ea1f01568cb4b6fb28"

[[projects]]
  branch = "master"
  digest = "1:48052a182df87b8af2b96a93d6ebb9d832ed4504736afc4891caa5a1ea148464"
  name = "github.com/libp2p/go-libp2p-transport-upgrader"
  packages = ["."]
  pruneopts = "UT"
  revision = "fd5b9a4645a62d44b5059ab43fced18b7854dbf8"

[[projects]]
  branch = "master"
  digest = "1:5cd9cd7427d07a96e475603bcae6206ff85ecefde1f71c023694342a4bede3e5"
  name = "github.com/libp2p/go-maddr-filter"
  packages = ["."]
  pruneopts = "UT"
  revision = "57fd7e2ed649ba28b4f2c7bcab3a606e7cc4b12c"

[[projects]]
  branch = "master"
  digest = "1:6dcc6b0be6737e7d746a7cc61ff6a4f81b457918bd2d602562a5858a4e46c392"
  name = "github.com/libp2p/go-mplex"
  packages = ["."]
  pruneopts = "UT"
  revision = "0ef5fed5ba589e7e8776c274510cfe0d806bac9c"

[[projects]]
  branch = "master"
  digest = "1:c5cd39920e0b418c165c04c54717e162db866b5662c3508add7cab5a2c23dd66"
  name = "github.com/libp2p/go-msgio"
  packages = ["."]
  pruneopts = "UT"
  revision = "031a413e66129d593337a3f5948d9364e7fc6d43"

[[projects]]
  branch = "master"
  digest = "1:d9abec232021f869cfb5a3cc6c5db1183cb82a0b13c7491899d511d276513095"
  name = "github.com/libp2p/go-reuseport"
  packages = [
    ".",
    "poll",
    "singlepoll",
  ]
  pruneopts = "UT"
  revision = "dd0c37d7767bc38280bd9813145b65f8bd560629"

[[projects]]
  branch = "master"
  digest = "1:a5052ae965edce2460f5d605815d60fecdd445ff4d11effca019da7829525ddd"
  name = "github.com/libp2p/go-reuseport-transport"
  packages = ["."]
  pruneopts = "UT"
  revision = "5cdb097c8035e75fc59d12f22509aeb700a272d0"

[[projects]]
  branch = "master"
  digest = "1:108aed1c99c0675f1677a8d7b97c31ed1c4ec663bf0a123a6ea8102c99799a9c"
  name = "github.com/libp2p/go-sockaddr"
  packages = ["net"]
  pruneopts = "UT"
  revision = "a7494d4eefeb607c8bc491cf8850a6e8dbd41cab"

[[projects]]
  branch = "master"
  digest = "1:6dab34eae15e82d15c17cedabb7d641b62731cc5c7a3ed233dba226f8e5cb688"
  name = "github.com/libp2p/go-stream-muxer"
  packages = ["."]
  pruneopts = "UT"
  revision = "9c6bd93eecbbab56630bb2688bb435d9fd1dfeb1"

[[projects]]
  branch = "master"
  digest = "1:957df7d5d1a06062c9fd77d6122fc9b4d4d6e4046ab3ac47cf775957b425aa8c"
  name = "github.com/libp2p/go-tcp-transport"
  packages = ["."]
  pruneopts = "UT"
  revision = "dc17c7307662b0a1dfbd75dd16c0b2ce11f16ba6"

[[projects]]
  branch = "master"
  digest = "1:e917eadb3456eec970e46f1a5530b8632a3fb54967976f2564fdea9b042569a4"
  name = "github.com/libp2p/go-ws-transport"
  packages = ["."]
  pruneopts = "UT"
  revision = "b2cd8129d1037bcb64047839ecc490c4a3c8be28"

[[projects]]
  branch = "master"
  digest = "1:0f96ec4151a24d7bfd4298fc13cc320a000e31b4e5431cf88e3ffc961db846fd"
  name = "github.com/mattn/go-colorable"
  packages = ["."]
  pruneopts = "UT"
  revision = "efa589957cd060542a26d2dd7832fd6a6c6c3ade"

[[projects]]
  branch = "master"
  digest = "1:8d5e9f9351b41787ba94a0c0ed4e43ca169045e254f1f4841b3c6f03c31cdc02"
  name = "github.com/mattn/go-isatty"
  packages = ["."]
  pruneopts = "UT"
  revision = "3fb116b820352b7f0c281308a4d6250c22d94e27"

[[projects]]
  branch = "master"
  digest = "1:130cefe87d7eeefc824978dcb78e35672d4c49a11f25c153fbf0cfd952756fa3"
  name = "github.com/minio/blake2b-simd"
  packages = ["."]
  pruneopts = "UT"
  revision = "3f5f724cb5b182a5c278d6d3d55b40e7f8c2efb4"

[[projects]]
  branch = "master"
  digest = "1:445210ef1e723060b3ebeb691648b5090f154992ee35f7065b70a6a5a96a3bb8"
  name = "github.com/minio/sha256-simd"
  packages = ["."]
  pruneopts = "UT"
  revision = "51976451ce1942acbb55707a983ed232fa027110"

[[projects]]
  branch = "master"
  digest = "1:cf5b7fbff2c87cff6c0e11f87b30edc21abc6592e6a76f41003ca6d5a712cf48"
  name = "github.com/mr-tron/base58"
  packages = ["base58"]
  pruneopts = "UT"
  revision = "89529c6904fcd077434931b4eac8b4b2f0991baf"

[[projects]]
  branch = "master"
  digest = "1:26622595a40603e85bcfcc9896408e01b9c34d3635b24a795d72aaf280c50a52"
  name = "github.com/multiformats/go-multiaddr"
  packages = ["."]
  pruneopts = "UT"
  revision = "393301199b4437234bd500b78bdf9555f6428c18"

[[projects]]
  branch = "master"
  digest = "1:6cd06bf7db06c8c9451244c6fbef16fd2bfc0467a50f78154e98d841865cde4e"
  name = "github.com/multiformats/go-multiaddr-dns"
  packages = ["."]
  pruneopts = "UT"
  revision = "78f39e8892d4f8c5c9f18679cc06d0b40ecab8cf"

[[projects]]
  branch = "master"
  digest = "1:828745acfd0a0e6d84642e0ee187bfbf6c7e32d69c54a86ad9caab8553b6a26e"
  name = "github.com/multiformats/go-multiaddr-net"
  packages = ["."]
  pruneopts = "UT"
  revision = "86e5d145c96e18bcbe3e5772c8c57608d62b28af"

[[projects]]
  branch = "master"
  digest = "1:10e61e8194b43fffdfcb5e3018a66db48c5ee2c48bea74585c14fa21fe08d607"
  name = "github.com/multiformats/go-multibase"
  packages = ["."]
  pruneopts = "UT"
  revision = "dfd5076869faca5aed2886dcba60b44a0d0e9c01"

[[projects]]
  branch = "master"
  digest = "1:ff15517b29e62768f29c514cd304c15a63770000a9eb19c728123427877c21d2"
  name = "github.com/multiformats/go-multihash"
  packages = ["."]
  pruneopts = "UT"
  revision = "97cdb562a04c6ef66d8ed40cd62f8fbcddd396d6"

[[projects]]
  branch = "master"
  digest = "1:58752a8ce91a3b26ec4ffeb94c9d9e8692b3b639f9ee3e5ca465bda1159b3a9c"
  name = "github.com/multiformats/go-multistream"
  packages = ["."]
  pruneopts = "UT"
  revision = "0e509f6b999d3be262c0702d25fe868c77de1565"

[[projects]]
  branch = "master"
  digest = "1:a379911e5b9cb2db7c2f980bd5d105cc4ee34fddeb96e9494b9695f02759e3cb"
  name = "github.com/opentracing/opentracing-go"
  packages = [
    ".",
    "ext",
    "log",
  ]
  pruneopts = "UT"
  revision = "be550b025b433cdfa2f11efb962afa2ea3c4d967"

[[projects]]
  branch = "master"
  digest = "1:ff6b0586c0621a76832cf783eee58cbb9d9795d2ce8acbc199a4131db11c42a9"
  name = "github.com/satori/go.uuid"
  packages = ["."]
  pruneopts = "UT"
  revision = "36e9d2ebbde5e3f13ab2e25625fd453271d6522e"

[[projects]]
  branch = "master"
  digest = "1:919bb3aa6d9d0b67648c219fa4925312bc3c2872da19e818fa769e9c97a2b643"
  name = "github.com/spaolacci/murmur3"
  packages = ["."]
  pruneopts = "UT"
  revision = "f09979ecbc725b9e6d41a297405f65e7e8804acc"

[[projects]]
  branch = "master"
  digest = "1:44c20574377132acef0941bf0cb5dd1ea2485fb649f66bd7c56bb9cc3a0ab18f"
  name = "github.com/syndtr/goleveldb"
  packages = [
    "leveldb",
    "leveldb/cache",
    "leveldb/comparer",
    "leveldb/errors",
    "leveldb/filter",
    "leveldb/iterator",
    "leveldb/journal",
    "leveldb/memdb",
    "leveldb/opt",
    "leveldb/storage",
    "leveldb/table",
    "leveldb/util",
  ]
  pruneopts = "UT"
  revision = "0d5a0ceb10cf9ab89fdd744cc8c50a83134f6697"

[[projects]]
  branch = "master"
  digest = "1:98fa13beefbf581ec173561adad6374c460631593b4bdcf03adc29cd18e5d2f5"
  name = "github.com/whyrusleeping/base32"
  packages = ["."]
  pruneopts = "UT"
  revision = "c30ac30633ccdabefe87eb12465113f06f1bab75"

[[projects]]
  branch = "master"
  digest = "1:b33eed6794f2b2d1a7d0b45cb705402f26af0f0ad6521667e144ffa71f52d9d9"
  name = "github.com/whyrusleeping/go-keyspace"
  packages = ["."]
  pruneopts = "UT"
  revision = "5b898ac5add1da7178a4a98e69cb7b9205c085ee"

[[projects]]
  branch = "master"
  digest = "1:0102dfa2f98777db8ff68c920bef1be3ff8504e90485b6cdd24d61b981b487b6"
  name = "github.com/whyrusleeping/go-logging"
  packages = ["."]
  pruneopts = "UT"
  revision = "0457bb6b88fc1973573aaf6b5145d8d3ae972390"

[[projects]]
  branch = "master"
  digest = "1:94796f9decedb46b17985693cbe996ce3642a991f0efcf7bf9a6c5197da3eefc"
  name = "github.com/whyrusleeping/go-notifier"
  packages = ["."]
  pruneopts = "UT"
  revision = "097c5d47330ff6a823f67e3515faa13566a62c6f"

[[projects]]
  branch = "master"
  digest = "1:1c5b129f012e176d9cbcb173c67fef17698a2d0a8169e94c8db9e7beeb3ef716"
  name = "github.com/whyrusleeping/go-smux-multiplex"
  packages = ["."]
  pruneopts = "UT"
  revision = "2b855d4f3a3051b0133f7783bffe06e4b7833d1e"

[[projects]]
  branch = "master"
  digest = "1:262e85ef9e2082fcb44335f6349699d61d5ac3672d24dcf3bf4cbc7377b51e96"
  name = "github.com/whyrusleeping/go-smux-multistream"
  packages = ["."]
  pruneopts = "UT"
  revision = "e799b10bc6eea2cc5ce18f7b7b4d8e1a0439476d"

[[projects]]
  branch = "master"
  digest = "1:126027a71a2b3aa70f8b226b4223104e5ebb5e509ac47e262055cfabc3711ffe"
  name = "github.com/whyrusleeping/go-smux-yamux"
  packages = ["."]
  pruneopts = "UT"
  revision = "32aace924d837ddf2a89bb02c219cb555a0e64d6"

[[projects]]
  branch = "master"
  digest = "1:2d95e961c6b817149bf784b8a99788138bd929728e1c8235e82a4b09987b9e3f"
  name = "github.com/whyrusleeping/mafmt"
  packages = ["."]
  pruneopts = "UT"
  revision = "1dc32401ee9fdd3f6cdb3405ec984d5dae877b2a"

[[projects]]
  branch = "master"
  digest = "1:94b933c1b26f1da25d25a089937d15987170a0a54109aa521a111345c3e84581"
  name = "github.com/whyrusleeping/multiaddr-filter"
  packages = ["."]
  pruneopts = "UT"
  revision = "e903e4adabd70b78bc9293b6ee4f359afb3f9f59"

[[projects]]
  branch = "master"
  digest = "1:1ccd9d66ae1abe6b3b28d8b68e09387533fee345d8bbaa753af2fa16e0505807"
  name = "github.com/whyrusleeping/timecache"
  packages = ["."]
  pruneopts = "UT"
  revision = "cfcb2f1abfee846c430233aef0b630a946e0a5a6"

[[projects]]
  branch = "master"
  digest = "1:c42b7c346ad38b3b5cd52a4ca8fe8132e057922b743691cc358104278616b90a"
  name = "github.com/whyrusleeping/yamux"
  packages = ["."]
  pruneopts = "UT"
  revision = "3ff91e06c049d69eb6d48f7b92b04e53465d51ad"

[[projects]]
  branch = "master"
  digest = "1:6d096c04caafd558fd8aaae07bf349235a0c455c652cd524c2e0a4e95e536cdd"
  name = "github.com/yawning/bulb"
  packages = [
    ".",
    "utils",
    "utils/pkcs1",
  ]
  pruneopts = "UT"
  revision = "85d80d893c3d4a478b8c0abbc43f0ea13e1ce4f9"

[[projects]]
  branch = "master"
  digest = "1:339d13c1694c727e6cb5ef2706a1421a57f14979fa73f04ca4eec96f034f3735"
  name = "golang.org/x/crypto"
  packages = [
    "blake2s",
    "blowfish",
    "ed25519",
    "ed25519/internal/edwards25519",
    "sha3",
  ]
  pruneopts = "UT"
  revision = "0c41d7ab0a0ee717d4590a44bcb987dfd9e183eb"

[[projects]]
  branch = "master"
  digest = "1:4202410a1062060861003bb19638f0802a51b1d6a3aec49af00b0af549ab0d60"
  name = "golang.org/x/net"
  packages = [
    "context",
    "html",
    "html/atom",
    "html/charset",
    "internal/socks",
    "proxy",
  ]
  pruneopts = "UT"
  revision = "04a2e542c03f1d053ab3e4d6e5abcd4b66e2be8e"

[[projects]]
  branch = "master"
  digest = "1:91af19447c75060239d1b518780405359548fbabf21f8bb72e4f6599759268f7"
  name = "golang.org/x/sys"
  packages = [
    "cpu",
    "unix",
    "windows",
  ]
  pruneopts = "UT"
  revision = "eda9bb28ed513021f3e6a2a361031adc3d8a6301"

[[projects]]
  branch = "master"
  digest = "1:65b4c972f81107c28b885e174269ea571ddd4d70642864a016a91f613ce42c33"
  name = "golang.org/x/text"
  packages = [
    "encoding",
    "encoding/charmap",
    "encoding/htmlindex",
    "encoding/internal",
    "encoding/internal/identifier",
    "encoding/japanese",
    "encoding/korean",
    "encoding/simplifiedchinese",
    "encoding/traditionalchinese",
    "encoding/unicode",
    "internal/gen",
    "internal/language",
    "internal/language/compact",
    "internal/tag",
    "internal/utf8internal",
    "language",
    "runes",
    "transform",
    "unicode/cldr",
  ]
  pruneopts = "UT"
  revision = "4d1c5fb19474adfe9562c9847ba425e7da817e81"

[solve-meta]
  analyzer-name = "dep"
  analyzer-version = 1
  input-imports = [
    "github.com/OpenBazaar/go-onion-transport",
    "github.com/gcash/bchd/chaincfg",
    "github.com/gcash/bchlog",
    "github.com/ipfs/go-cid",
    "github.com/ipfs/go-datastore",
    "github.com/ipfs/go-ds-leveldb",
    "github.com/ipfs/go-log",
    "github.com/libp2p/go-libp2p",
    "github.com/libp2p/go-libp2p-crypto",
    "github.com/libp2p/go-libp2p-host",
    "github.com/libp2p/go-libp2p-kad-dht",
    "github.com/libp2p/go-libp2p-kad-dht/opts",
    "github.com/libp2p/go-libp2p-net",
    "github.com/libp2p/go-libp2p-peer",
    "github.com/libp2p/go-libp2p-peerstore",
    "github.com/libp2p/go-libp2p-protocol",
    "github.com/libp2p/go-libp2p-pubsub",
    "github.com/libp2p/go-libp2p-record",
    "github.com/libp2p/go-libp2p-routing",
    "github.com/multiformats/go-multiaddr",
    "github.com/multiformats/go-multihash",
    "github.com/whyrusleeping/go-logging",
    "github.com/yawning/bulb",
    "github.com/yawning/bulb/utils/pkcs1",
  ]
  solver-name = "gps-cdcl"
  solver-version = 1
